
Microsoft Visual Studio Solution File, Format Version 12.00
# Visual Studio 15
VisualStudioVersion = 15.0.28307.489
MinimumVisualStudioVersion = 10.0.40219.1
Project("{FAE04EC0-301F-11D3-BF4B-00C04F79EFBC}") = "ColorfulIDE", "ColorfulIDE\ColorfulIDE.csproj", "{CF1A9A63-FB16-40F2-A7FC-B50CD14DD8A5}"
EndProject
Global
	GlobalSection(SolutionConfigurationPlatforms) = preSolution
		Debug|Any CPU = Debug|Any CPU
		Release|Any CPU = Release|Any CPU
	EndGlobalSection
	GlobalSection(ProjectConfigurationPlatforms) = postSolution
		{CF1A9A63-FB16-40F2-A7FC-B50CD14DD8A5}.Debug|Any CPU.ActiveCfg = Debug|Any CPU
		{CF1A9A63-FB16-40F2-A7FC-B50CD14DD8A5}.Debug|Any CPU.Build.0 = Debug|Any CPU
		{CF1A9A63-FB16-40F2-A7FC-B50CD14DD8A5}.Release|Any CPU.ActiveCfg = Release|Any CPU
		{CF1A9A63-FB16-40F2-A7FC-B50CD14DD8A5}.Release|Any CPU.Build.0 = Release|Any CPU
	EndGlobalSection
	GlobalSection(SolutionProperties) = preSolution
		HideSolutionNode = FALSE
	EndGlobalSection
	GlobalSection(ExtensibilityGlobals) = postSolution
		SolutionGuid = {C508D42D-F92D-48E3-A476-C9310FD3F3BC}
	EndGlobalSection
EndGlobal
